
Microsoft Visual Studio Solution File, Format Version 12.00
# Visual Studio Version 16
VisualStudioVersion = 16.0.31402.337
MinimumVisualStudioVersion = 10.0.40219.1
Project("{FAE04EC0-301F-11D3-BF4B-00C04F79EFBC}") = "EBoutique", "EBoutique\EBoutique.csproj", "{D2C58B80-10BE-4EBA-8DF7-F615E2F7A9C3}"
EndProject
Global
	GlobalSection(SolutionConfigurationPlatforms) = preSolution
		Debug|Any CPU = Debug|Any CPU
		Release|Any CPU = Release|Any CPU
	EndGlobalSection
	GlobalSection(ProjectConfigurationPlatforms) = postSolution
		{D2C58B80-10BE-4EBA-8DF7-F615E2F7A9C3}.Debug|Any CPU.ActiveCfg = Debug|Any CPU
		{D2C58B80-10BE-4EBA-8DF7-F615E2F7A9C3}.Debug|Any CPU.Build.0 = Debug|Any CPU
		{D2C58B80-10BE-4EBA-8DF7-F615E2F7A9C3}.Release|Any CPU.ActiveCfg = Release|Any CPU
		{D2C58B80-10BE-4EBA-8DF7-F615E2F7A9C3}.Release|Any CPU.Build.0 = Release|Any CPU
	EndGlobalSection
	GlobalSection(SolutionProperties) = preSolution
		HideSolutionNode = FALSE
	EndGlobalSection
	GlobalSection(ExtensibilityGlobals) = postSolution
		SolutionGuid = {6A4EC157-1469-4BA8-B129-98DA96F455BE}
	EndGlobalSection
EndGlobal
